
Microsoft Visual Studio Solution File, Format Version 12.00
Project("{FAE04EC0-301F-11D3-BF4B-00C04F79EFBC}") = "csd-tests", "csd-tests\csd-tests.csproj", "{20AC72ED-F4D2-40DA-A6E6-CDCB7C3AFE20}"
EndProject
Project("{FAE04EC0-301F-11D3-BF4B-00C04F79EFBC}") = "webapp", "webapp\webapp.csproj", "{70164AAA-37B0-4A4C-B992-48C02A71E30A}"
EndProject
Global
	GlobalSection(SolutionConfigurationPlatforms) = preSolution
		Debug|Any CPU = Debug|Any CPU
		Release|Any CPU = Release|Any CPU
	EndGlobalSection
	GlobalSection(ProjectConfigurationPlatforms) = postSolution
		{20AC72ED-F4D2-40DA-A6E6-CDCB7C3AFE20}.Debug|Any CPU.ActiveCfg = Debug|Any CPU
		{20AC72ED-F4D2-40DA-A6E6-CDCB7C3AFE20}.Debug|Any CPU.Build.0 = Debug|Any CPU
		{20AC72ED-F4D2-40DA-A6E6-CDCB7C3AFE20}.Release|Any CPU.ActiveCfg = Release|Any CPU
		{20AC72ED-F4D2-40DA-A6E6-CDCB7C3AFE20}.Release|Any CPU.Build.0 = Release|Any CPU
		{70164AAA-37B0-4A4C-B992-48C02A71E30A}.Debug|Any CPU.ActiveCfg = Debug|Any CPU
		{70164AAA-37B0-4A4C-B992-48C02A71E30A}.Debug|Any CPU.Build.0 = Debug|Any CPU
		{70164AAA-37B0-4A4C-B992-48C02A71E30A}.Release|Any CPU.ActiveCfg = Release|Any CPU
		{70164AAA-37B0-4A4C-B992-48C02A71E30A}.Release|Any CPU.Build.0 = Release|Any CPU
	EndGlobalSection
EndGlobal
